
Microsoft Visual Studio Solution File, Format Version 12.00
# Visual Studio Version 16
VisualStudioVersion = 16.0.29001.49
MinimumVisualStudioVersion = 10.0.40219.1
Project("{FAE04EC0-301F-11D3-BF4B-00C04F79EFBC}") = "Specflow-Pagefactory-Training", "Specflow-Pagefactory-Training\Specflow-Pagefactory-Training.csproj", "{D5216D7F-1A02-44BA-ABD8-3B27ABED2BD2}"
EndProject
Global
	GlobalSection(SolutionConfigurationPlatforms) = preSolution
		Debug|Any CPU = Debug|Any CPU
		Release|Any CPU = Release|Any CPU
	EndGlobalSection
	GlobalSection(ProjectConfigurationPlatforms) = postSolution
		{D5216D7F-1A02-44BA-ABD8-3B27ABED2BD2}.Debug|Any CPU.ActiveCfg = Debug|Any CPU
		{D5216D7F-1A02-44BA-ABD8-3B27ABED2BD2}.Debug|Any CPU.Build.0 = Debug|Any CPU
		{D5216D7F-1A02-44BA-ABD8-3B27ABED2BD2}.Release|Any CPU.ActiveCfg = Release|Any CPU
		{D5216D7F-1A02-44BA-ABD8-3B27ABED2BD2}.Release|Any CPU.Build.0 = Release|Any CPU
	EndGlobalSection
	GlobalSection(SolutionProperties) = preSolution
		HideSolutionNode = FALSE
	EndGlobalSection
	GlobalSection(ExtensibilityGlobals) = postSolution
		SolutionGuid = {D1072C97-8F75-4F8B-9DC3-D8103FCC6CD3}
	EndGlobalSection
EndGlobal
